hash: 2c45508cb94ef485aea3ab762b69884babb4bf3d4d506d2371813fc9a90c0bae
updated: 2017-07-16T20:52:04.024467353+02:00
imports:
- name: github.com/fsnotify/fsnotify
  version: 629574ca2a5df945712d3079857300b5e4da0236
- name: github.com/hashicorp/hcl
  version: 392dba7d905ed5d04a5794ba89f558b27e2ba1ca
  subpackages:
  - hcl/ast
  - hcl/parser
  - hcl/scanner
  - hcl/strconv
  - hcl/token
  - json/parser
  - json/scanner
  - json/token
- name: github.com/inconshreveable/mousetrap
  version: 76626ae9c91c4f2a10f34cad8ce83ea42c93bb75
- name: github.com/jinzhu/gorm
  version: 5174cc5c242a728b435ea2be8a2f7f998e15429b
  subpackages:
  - dialects/postgresql
- name: github.com/jinzhu/inflection
  version: 1c35d901db3da928c72a72d8458480cc9ade058f
- name: github.com/magiconair/properties
  version: be5ece7dd465ab0765a9682137865547526d1dfb
- name: github.com/mitchellh/mapstructure
  version: d0303fe809921458f417bcf828397a65db30a7e4
- name: github.com/pelletier/go-buffruneio
  version: c37440a7cf42ac63b919c752ca73a85067e05992
- name: github.com/pelletier/go-toml
  version: 5ccdfb18c776b740aecaf085c4d9a2779199c279
- name: github.com/satori/go.uuid
  version: 879c5887cd475cd7864858769793b2ceb0d44feb
- name: github.com/sirupsen/logrus
  version: a3f95b5c423586578a4e099b11a46c2479628cac
- name: github.com/spf13/afero
  version: 9be650865eab0c12963d8753212f4f9c66cdcf12
  subpackages:
  - mem
- name: github.com/spf13/cast
  version: acbeb36b902d72a7a4c18e8f3241075e7ab763e4
- name: github.com/spf13/cobra
  version: b4dbd37a01839e0653eec12aa4bbb2a2ce7b2a37
- name: github.com/spf13/jwalterweatherman
  version: 0efa5202c04663c757d84f90f5219c1250baf94f
- name: github.com/spf13/pflag
  version: e57e3eeb33f795204c1ca35f56c44f83227c6e66
- name: github.com/spf13/viper
  version: a1ecfa6a20bd4ef9e9caded262ee1b1b26847675
- name: golang.org/x/sys
  version: b90f89a1e7a9c1f6b918820b3daa7f08488c8594
  subpackages:
  - unix
- name: golang.org/x/text
  version: 3491b61b9edc56653ad4333e605e2908e46a036b
  subpackages:
  - transform
  - unicode/norm
- name: gopkg.in/yaml.v2
  version: cd8b52f8269e0feb286dfeef29f8fe4d5b397e0b
testImports: []
